
Microsoft Visual Studio Solution File, Format Version 12.00
# Visual Studio Version 17
VisualStudioVersion = 17.1.32421.90
MinimumVisualStudioVersion = 10.0.40219.1
Project("{9A19103F-16F7-4668-BE54-9A1E7A4F7556}") = "Hola Mundo", "Hola Mundo.csproj", "{857AB09F-AD3B-4355-8537-AD94E5D3F8EE}"
EndProject
Project("{FAE04EC0-301F-11D3-BF4B-00C04F79EFBC}") = "Operadores", "..\Operadores\Operadores.csproj", "{DED7A827-8F03-4BD7-808F-CF02072F629A}"
EndProject
Global
	GlobalSection(SolutionConfigurationPlatforms) = preSolution
		Debug|Any CPU = Debug|Any CPU
		Release|Any CPU = Release|Any CPU
	EndGlobalSection
	GlobalSection(ProjectConfigurationPlatforms) = postSolution
		{857AB09F-AD3B-4355-8537-AD94E5D3F8EE}.Debug|Any CPU.ActiveCfg = Debug|Any CPU
		{857AB09F-AD3B-4355-8537-AD94E5D3F8EE}.Debug|Any CPU.Build.0 = Debug|Any CPU
		{857AB09F-AD3B-4355-8537-AD94E5D3F8EE}.Release|Any CPU.ActiveCfg = Release|Any CPU
		{857AB09F-AD3B-4355-8537-AD94E5D3F8EE}.Release|Any CPU.Build.0 = Release|Any CPU
		{DED7A827-8F03-4BD7-808F-CF02072F629A}.Debug|Any CPU.ActiveCfg = Debug|Any CPU
		{DED7A827-8F03-4BD7-808F-CF02072F629A}.Debug|Any CPU.Build.0 = Debug|Any CPU
		{DED7A827-8F03-4BD7-808F-CF02072F629A}.Release|Any CPU.ActiveCfg = Release|Any CPU
		{DED7A827-8F03-4BD7-808F-CF02072F629A}.Release|Any CPU.Build.0 = Release|Any CPU
	EndGlobalSection
	GlobalSection(SolutionProperties) = preSolution
		HideSolutionNode = FALSE
	EndGlobalSection
	GlobalSection(ExtensibilityGlobals) = postSolution
		SolutionGuid = {ACC21952-6AF1-4C37-B8E1-4DC16549483D}
	EndGlobalSection
EndGlobal
